Microsoft Visual Studio Solution File, Format Version 12.00
# Visual Studio 15
VisualStudioVersion = 15.0.27130.2036
MinimumVisualStudioVersion = 10.0.40219.1
Project("{8BC9CEB8-8B4A-11D0-8D11-00A0C91BC942}") = "GDLEnhanced", "GDLEnhanced.vcxproj", "{79CD1CA2-76B3-4FFC-9825-DC29E861CE25}"
EndProject
Project("{FAE04EC0-301F-11D3-BF4B-00C04F79EFBC}") = "App1", "..\Users\fleem\source\repos\App1\App1.csproj", "{8FFB813B-A21B-4210-82A2-0A17FBC4F14C}"
EndProject
Global
	GlobalSection(SolutionConfigurationPlatforms) = preSolution
		Debug - Quickstart|ARM = Debug - Quickstart|ARM
		Debug - Quickstart|x64 = Debug - Quickstart|x64
		Debug - Quickstart|x86 = Debug - Quickstart|x86
		Debug DLL|ARM = Debug DLL|ARM
		Debug DLL|x64 = Debug DLL|x64
		Debug DLL|x86 = Debug DLL|x86
		Debug|ARM = Debug|ARM
		Debug|x64 = Debug|x64
		Debug|x86 = Debug|x86
		Release - Public|ARM = Release - Public|ARM
		Release - Public|x64 = Release - Public|x64
		Release - Public|x86 = Release - Public|x86
		Release|ARM = Release|ARM
		Release|x64 = Release|x64
		Release|x86 = Release|x86
	EndGlobalSection
	GlobalSection(ProjectConfigurationPlatforms) = postSolution
		{79CD1CA2-76B3-4FFC-9825-DC29E861CE25}.Debug - Quickstart|ARM.ActiveCfg = Debug - Quickstart|x64
		{79CD1CA2-76B3-4FFC-9825-DC29E861CE25}.Debug - Quickstart|x64.ActiveCfg = Debug - Quickstart|x64
		{79CD1CA2-76B3-4FFC-9825-DC29E861CE25}.Debug - Quickstart|x64.Build.0 = Debug - Quickstart|x64
		{79CD1CA2-76B3-4FFC-9825-DC29E861CE25}.Debug - Quickstart|x86.ActiveCfg = Debug - Quickstart|x64
		{79CD1CA2-76B3-4FFC-9825-DC29E861CE25}.Debug DLL|ARM.ActiveCfg = Debug DLL|x64
		{79CD1CA2-76B3-4FFC-9825-DC29E861CE25}.Debug DLL|x64.ActiveCfg = Debug DLL|x64
		{79CD1CA2-76B3-4FFC-9825-DC29E861CE25}.Debug DLL|x64.Build.0 = Debug DLL|x64
		{79CD1CA2-76B3-4FFC-9825-DC29E861CE25}.Debug DLL|x86.ActiveCfg = Debug DLL|x64
		{79CD1CA2-76B3-4FFC-9825-DC29E861CE25}.Debug|ARM.ActiveCfg = Debug|x64
		{79CD1CA2-76B3-4FFC-9825-DC29E861CE25}.Debug|x64.ActiveCfg = Debug|x64
		{79CD1CA2-76B3-4FFC-9825-DC29E861CE25}.Debug|x64.Build.0 = Debug|x64
		{79CD1CA2-76B3-4FFC-9825-DC29E861CE25}.Debug|x86.ActiveCfg = Debug|x64
		{79CD1CA2-76B3-4FFC-9825-DC29E861CE25}.Release - Public|ARM.ActiveCfg = Release - Public|x64
		{79CD1CA2-76B3-4FFC-9825-DC29E861CE25}.Release - Public|x64.ActiveCfg = Release - Public|x64
		{79CD1CA2-76B3-4FFC-9825-DC29E861CE25}.Release - Public|x64.Build.0 = Release - Public|x64
		{79CD1CA2-76B3-4FFC-9825-DC29E861CE25}.Release - Public|x86.ActiveCfg = Release - Public|x64
		{79CD1CA2-76B3-4FFC-9825-DC29E861CE25}.Release|ARM.ActiveCfg = Release|x64
		{79CD1CA2-76B3-4FFC-9825-DC29E861CE25}.Release|x64.ActiveCfg = Release|x64
		{79CD1CA2-76B3-4FFC-9825-DC29E861CE25}.Release|x64.Build.0 = Release|x64
		{79CD1CA2-76B3-4FFC-9825-DC29E861CE25}.Release|x86.ActiveCfg = Release|x64
		{8FFB813B-A21B-4210-82A2-0A17FBC4F14C}.Debug - Quickstart|ARM.ActiveCfg = Debug|ARM
		{8FFB813B-A21B-4210-82A2-0A17FBC4F14C}.Debug - Quickstart|ARM.Build.0 = Debug|ARM
		{8FFB813B-A21B-4210-82A2-0A17FBC4F14C}.Debug - Quickstart|ARM.Deploy.0 = Debug|ARM
		{8FFB813B-A21B-4210-82A2-0A17FBC4F14C}.Debug - Quickstart|x64.ActiveCfg = Debug|x64
		{8FFB813B-A21B-4210-82A2-0A17FBC4F14C}.Debug - Quickstart|x64.Build.0 = Debug|x64
		{8FFB813B-A21B-4210-82A2-0A17FBC4F14C}.Debug - Quickstart|x64.Deploy.0 = Debug|x64
		{8FFB813B-A21B-4210-82A2-0A17FBC4F14C}.Debug - Quickstart|x86.ActiveCfg = Debug|x86
		{8FFB813B-A21B-4210-82A2-0A17FBC4F14C}.Debug - Quickstart|x86.Build.0 = Debug|x86
		{8FFB813B-A21B-4210-82A2-0A17FBC4F14C}.Debug - Quickstart|x86.Deploy.0 = Debug|x86
		{8FFB813B-A21B-4210-82A2-0A17FBC4F14C}.Debug DLL|ARM.ActiveCfg = Debug|ARM
		{8FFB813B-A21B-4210-82A2-0A17FBC4F14C}.Debug DLL|ARM.Build.0 = Debug|ARM
		{8FFB813B-A21B-4210-82A2-0A17FBC4F14C}.Debug DLL|ARM.Deploy.0 = Debug|ARM
		{8FFB813B-A21B-4210-82A2-0A17FBC4F14C}.Debug DLL|x64.ActiveCfg = Debug|x64
		{8FFB813B-A21B-4210-82A2-0A17FBC4F14C}.Debug DLL|x64.Build.0 = Debug|x64
		{8FFB813B-A21B-4210-82A2-0A17FBC4F14C}.Debug DLL|x64.Deploy.0 = Debug|x64
		{8FFB813B-A21B-4210-82A2-0A17FBC4F14C}.Debug DLL|x86.ActiveCfg = Debug|x86
		{8FFB813B-A21B-4210-82A2-0A17FBC4F14C}.Debug DLL|x86.Build.0 = Debug|x86
		{8FFB813B-A21B-4210-82A2-0A17FBC4F14C}.Debug DLL|x86.Deploy.0 = Debug|x86
		{8FFB813B-A21B-4210-82A2-0A17FBC4F14C}.Debug|ARM.ActiveCfg = Debug|ARM
		{8FFB813B-A21B-4210-82A2-0A17FBC4F14C}.Debug|ARM.Build.0 = Debug|ARM
		{8FFB813B-A21B-4210-82A2-0A17FBC4F14C}.Debug|ARM.Deploy.0 = Debug|ARM
		{8FFB813B-A21B-4210-82A2-0A17FBC4F14C}.Debug|x64.ActiveCfg = Debug|x64
		{8FFB813B-A21B-4210-82A2-0A17FBC4F14C}.Debug|x64.Build.0 = Debug|x64
		{8FFB813B-A21B-4210-82A2-0A17FBC4F14C}.Debug|x64.Deploy.0 = Debug|x64
		{8FFB813B-A21B-4210-82A2-0A17FBC4F14C}.Debug|x86.ActiveCfg = Debug|x86
		{8FFB813B-A21B-4210-82A2-0A17FBC4F14C}.Debug|x86.Build.0 = Debug|x86
		{8FFB813B-A21B-4210-82A2-0A17FBC4F14C}.Debug|x86.Deploy.0 = Debug|x86
		{8FFB813B-A21B-4210-82A2-0A17FBC4F14C}.Release - Public|ARM.ActiveCfg = Release|ARM
		{8FFB813B-A21B-4210-82A2-0A17FBC4F14C}.Release - Public|ARM.Build.0 = Release|ARM
		{8FFB813B-A21B-4210-82A2-0A17FBC4F14C}.Release - Public|ARM.Deploy.0 = Release|ARM
		{8FFB813B-A21B-4210-82A2-0A17FBC4F14C}.Release - Public|x64.ActiveCfg = Release|x64
		{8FFB813B-A21B-4210-82A2-0A17FBC4F14C}.Release - Public|x64.Build.0 = Release|x64
		{8FFB813B-A21B-4210-82A2-0A17FBC4F14C}.Release - Public|x64.Deploy.0 = Release|x64
		{8FFB813B-A21B-4210-82A2-0A17FBC4F14C}.Release - Public|x86.ActiveCfg = Release|x86
		{8FFB813B-A21B-4210-82A2-0A17FBC4F14C}.Release - Public|x86.Build.0 = Release|x86
		{8FFB813B-A21B-4210-82A2-0A17FBC4F14C}.Release - Public|x86.Deploy.0 = Release|x86
		{8FFB813B-A21B-4210-82A2-0A17FBC4F14C}.Release|ARM.ActiveCfg = Release|ARM
		{8FFB813B-A21B-4210-82A2-0A17FBC4F14C}.Release|ARM.Build.0 = Release|ARM
		{8FFB813B-A21B-4210-82A2-0A17FBC4F14C}.Release|ARM.Deploy.0 = Release|ARM
		{8FFB813B-A21B-4210-82A2-0A17FBC4F14C}.Release|x64.ActiveCfg = Release|x64
		{8FFB813B-A21B-4210-82A2-0A17FBC4F14C}.Release|x64.Build.0 = Release|x64
		{8FFB813B-A21B-4210-82A2-0A17FBC4F14C}.Release|x64.Deploy.0 = Release|x64
		{8FFB813B-A21B-4210-82A2-0A17FBC4F14C}.Release|x86.ActiveCfg = Release|x86
		{8FFB813B-A21B-4210-82A2-0A17FBC4F14C}.Release|x86.Build.0 = Release|x86
		{8FFB813B-A21B-4210-82A2-0A17FBC4F14C}.Release|x86.Deploy.0 = Release|x86
	EndGlobalSection
	GlobalSection(SolutionProperties) = preSolution
		HideSolutionNode = FALSE
	EndGlobalSection
	GlobalSection(ExtensibilityGlobals) = postSolution
		SolutionGuid = {C2FE2B30-1891-4BA7-84B2-88D0930422E5}
	EndGlobalSection
	GlobalSection(Performance) = preSolution
		HasPerformanceSessions = true
	EndGlobalSection
EndGlobal
